
Microsoft Visual Studio Solution File, Format Version 12.00
# Visual Studio Version 16
VisualStudioVersion = 16.0.31424.327
MinimumVisualStudioVersion = 10.0.40219.1
Project("{FAE04EC0-301F-11D3-BF4B-00C04F79EFBC}") = "WcfServices", "WcfServices\WcfServices.csproj", "{686D7789-5D5D-4A5D-97F3-D16E6038FF09}"
EndProject
Project("{FAE04EC0-301F-11D3-BF4B-00C04F79EFBC}") = "WebClient", "WebClient\WebClient.csproj", "{A94C9E34-0F82-4596-AAA9-2A2C2DA57579}"
	ProjectSection(ProjectDependencies) = postProject
		{686D7789-5D5D-4A5D-97F3-D16E6038FF09} = {686D7789-5D5D-4A5D-97F3-D16E6038FF09}
	EndProjectSection
EndProject
Project("{FAE04EC0-301F-11D3-BF4B-00C04F79EFBC}") = "ConsoleHost", "ConsoleHost\ConsoleHost.csproj", "{A868ADF5-B05D-45EB-81DC-A311C26B7BD9}"
EndProject
Global
	GlobalSection(SolutionConfigurationPlatforms) = preSolution
		Debug|Any CPU = Debug|Any CPU
		Release|Any CPU = Release|Any CPU
	EndGlobalSection
	GlobalSection(ProjectConfigurationPlatforms) = postSolution
		{686D7789-5D5D-4A5D-97F3-D16E6038FF09}.Debug|Any CPU.ActiveCfg = Debug|Any CPU
		{686D7789-5D5D-4A5D-97F3-D16E6038FF09}.Debug|Any CPU.Build.0 = Debug|Any CPU
		{686D7789-5D5D-4A5D-97F3-D16E6038FF09}.Release|Any CPU.ActiveCfg = Release|Any CPU
		{686D7789-5D5D-4A5D-97F3-D16E6038FF09}.Release|Any CPU.Build.0 = Release|Any CPU
		{A94C9E34-0F82-4596-AAA9-2A2C2DA57579}.Debug|Any CPU.ActiveCfg = Debug|Any CPU
		{A94C9E34-0F82-4596-AAA9-2A2C2DA57579}.Debug|Any CPU.Build.0 = Debug|Any CPU
		{A94C9E34-0F82-4596-AAA9-2A2C2DA57579}.Release|Any CPU.ActiveCfg = Release|Any CPU
		{A94C9E34-0F82-4596-AAA9-2A2C2DA57579}.Release|Any CPU.Build.0 = Release|Any CPU
		{A868ADF5-B05D-45EB-81DC-A311C26B7BD9}.Debug|Any CPU.ActiveCfg = Debug|Any CPU
		{A868ADF5-B05D-45EB-81DC-A311C26B7BD9}.Debug|Any CPU.Build.0 = Debug|Any CPU
		{A868ADF5-B05D-45EB-81DC-A311C26B7BD9}.Release|Any CPU.ActiveCfg = Release|Any CPU
		{A868ADF5-B05D-45EB-81DC-A311C26B7BD9}.Release|Any CPU.Build.0 = Release|Any CPU
	EndGlobalSection
	GlobalSection(SolutionProperties) = preSolution
		HideSolutionNode = FALSE
	EndGlobalSection
	GlobalSection(ExtensibilityGlobals) = postSolution
		SolutionGuid = {8C6444E1-D106-4426-B1A4-4888CB2B110D}
	EndGlobalSection
EndGlobal
